
Microsoft Visual Studio Solution File, Format Version 12.00
# Visual Studio Version 16
VisualStudioVersion = 16.0.30011.22
MinimumVisualStudioVersion = 10.0.40219.1
Project("{FAE04EC0-301F-11D3-BF4B-00C04F79EFBC}") = "WindowsFormsApp27", "WindowsFormsApp27\WindowsFormsApp27.csproj", "{B7C573D1-13A2-4E1A-A13A-B9BE3DD9F3C2}"
EndProject
Global
	GlobalSection(SolutionConfigurationPlatforms) = preSolution
		Debug|Any CPU = Debug|Any CPU
		Release|Any CPU = Release|Any CPU
	EndGlobalSection
	GlobalSection(ProjectConfigurationPlatforms) = postSolution
		{B7C573D1-13A2-4E1A-A13A-B9BE3DD9F3C2}.Debug|Any CPU.ActiveCfg = Debug|Any CPU
		{B7C573D1-13A2-4E1A-A13A-B9BE3DD9F3C2}.Debug|Any CPU.Build.0 = Debug|Any CPU
		{B7C573D1-13A2-4E1A-A13A-B9BE3DD9F3C2}.Release|Any CPU.ActiveCfg = Release|Any CPU
		{B7C573D1-13A2-4E1A-A13A-B9BE3DD9F3C2}.Release|Any CPU.Build.0 = Release|Any CPU
	EndGlobalSection
	GlobalSection(SolutionProperties) = preSolution
		HideSolutionNode = FALSE
	EndGlobalSection
	GlobalSection(ExtensibilityGlobals) = postSolution
		SolutionGuid = {C53B947E-7A77-458F-AAF9-CA16AA05D56D}
	EndGlobalSection
EndGlobal
